// !$*UTF8*$!
{
	archiveVersion = 1;
	classes = {
	};
	objectVersion = 77;
	objects = {

/* Begin PBXBuildFile section */
		055B4100F1064F14FBFD2F93 /* ChessGameView.swift in Sources */ = {isa = PBXBuildFile; fileRef = D181E03E96DEC83F8430042B /* ChessGameView.swift */; };
		2263D5AD49F74D4D8434FBCC /* ChessBoard.swift in Sources */ = {isa = PBXBuildFile; fileRef = 9AB48482A423D75BCEB2D22E /* ChessBoard.swift */; };
		337825A24E2BEA468E65283E /* MainWindow.swift in Sources */ = {isa = PBXBuildFile; fileRef = 3745819D1777EEF9255DCCE6 /* MainWindow.swift */; };
		550C35EC08471D0F8D1E0C96 /* GameInfoView.swift in Sources */ = {isa = PBXBuildFile; fileRef = A317708298A2FF46FD453CF5 /* GameInfoView.swift */; };
		5AF5EAA2F36118B5546558D6 /* Assets.xcassets in Resources */ = {isa = PBXBuildFile; fileRef = B1D27176ADB6B537490AAFCC /* Assets.xcassets */; };
		5B51509274DACA86D45F10AC /* LanguageManager.swift in Sources */ = {isa = PBXBuildFile; fileRef = 24B644BEF535BF463E74DF6C /* LanguageManager.swift */; };
		7DF186332D1E2D8851ECE478 /* AppDelegate.swift in Sources */ = {isa = PBXBuildFile; fileRef = DC613A29F371D7FA6B9021F2 /* AppDelegate.swift */; };
		AC868F178453E7782CD0E5B3 /* SwiftChess in Frameworks */ = {isa = PBXBuildFile; productRef = ED84A2328502D3FC02B93388 /* SwiftChess */; };
		B2F16C783117D118D7C412DA /* main.swift in Sources */ = {isa = PBXBuildFile; fileRef = E6E48E4B2065767F736C7AA8 /* main.swift */; };
		BEBEB417E7BD7D7D25F2B2B0 /* GameManager.swift in Sources */ = {isa = PBXBuildFile; fileRef = 973C8FB14110E4862001E3BE /* GameManager.swift */; };
/* End PBXBuildFile section */

/* Begin PBXFileReference section */
		24B644BEF535BF463E74DF6C /* LanguageManager.swift */ = {isa = PBXFileReference; lastKnownFileType = sourcecode.swift; path = LanguageManager.swift; sourceTree = "<group>"; };
		3745819D1777EEF9255DCCE6 /* MainWindow.swift */ = {isa = PBXFileReference; lastKnownFileType = sourcecode.swift; path = MainWindow.swift; sourceTree = "<group>"; };
		48E170087E89AA19C6F16032 /* Chess3D.app */ = {isa = PBXFileReference; explicitFileType = wrapper.application; includeInIndex = 0; path = Chess3D.app; sourceTree = BUILT_PRODUCTS_DIR; };
		973C8FB14110E4862001E3BE /* GameManager.swift */ = {isa = PBXFileReference; lastKnownFileType = sourcecode.swift; path = GameManager.swift; sourceTree = "<group>"; };
		9AB48482A423D75BCEB2D22E /* ChessBoard.swift */ = {isa = PBXFileReference; lastKnownFileType = sourcecode.swift; path = ChessBoard.swift; sourceTree = "<group>"; };
		A317708298A2FF46FD453CF5 /* GameInfoView.swift */ = {isa = PBXFileReference; lastKnownFileType = sourcecode.swift; path = GameInfoView.swift; sourceTree = "<group>"; };
		B1D27176ADB6B537490AAFCC /* Assets.xcassets */ = {isa = PBXFileReference; lastKnownFileType = folder.assetcatalog; path = Assets.xcassets; sourceTree = "<group>"; };
		B43E8DBDF21ED09BCD3A9AD4 /* Info.plist */ = {isa = PBXFileReference; lastKnownFileType = text.plist; path = Info.plist; sourceTree = "<group>"; };
		D181E03E96DEC83F8430042B /* ChessGameView.swift */ = {isa = PBXFileReference; lastKnownFileType = sourcecode.swift; path = ChessGameView.swift; sourceTree = "<group>"; };
		DC613A29F371D7FA6B9021F2 /* AppDelegate.swift */ = {isa = PBXFileReference; lastKnownFileType = sourcecode.swift; path = AppDelegate.swift; sourceTree = "<group>"; };
		E6E48E4B2065767F736C7AA8 /* main.swift */ = {isa = PBXFileReference; lastKnownFileType = sourcecode.swift; path = main.swift; sourceTree = "<group>"; };
/* End PBXFileReference section */

/* Begin PBXFrameworksBuildPhase section */
		A944E93E393FB072B84D053E /* Frameworks */ = {
			isa = PBXFrameworksBuildPhase;
			buildActionMask = 2147483647;
			files = (
				AC868F178453E7782CD0E5B3 /* SwiftChess in Frameworks */,
			);
			runOnlyForDeploymentPostprocessing = 0;
		};
/* End PBXFrameworksBuildPhase section */

/* Begin PBXGroup section */
		029999DE242E4B816CA9430A /* Chess3D */ = {
			isa = PBXGroup;
			children = (
				B43E8DBDF21ED09BCD3A9AD4 /* Info.plist */,
				27E7E81E62E2DCF1B8CBB257 /* App */,
				7AD7512143469201E35B44E3 /* GameLogic */,
				58A10B36B85702516247DB44 /* Resources */,
				FA458ADE6B441E603DAB19C2 /* Views */,
			);
			path = Chess3D;
			sourceTree = "<group>";
		};
		27E7E81E62E2DCF1B8CBB257 /* App */ = {
			isa = PBXGroup;
			children = (
				DC613A29F371D7FA6B9021F2 /* AppDelegate.swift */,
				24B644BEF535BF463E74DF6C /* LanguageManager.swift */,
				E6E48E4B2065767F736C7AA8 /* main.swift */,
			);
			path = App;
			sourceTree = "<group>";
		};
		58A10B36B85702516247DB44 /* Resources */ = {
			isa = PBXGroup;
			children = (
				B1D27176ADB6B537490AAFCC /* Assets.xcassets */,
			);
			path = Resources;
			sourceTree = "<group>";
		};
		62E3E456BB543D8AA1DB2BCE = {
			isa = PBXGroup;
			children = (
				029999DE242E4B816CA9430A /* Chess3D */,
				7717453BE5D5F9C7172BC58E /* Products */,
			);
			sourceTree = "<group>";
		};
		7717453BE5D5F9C7172BC58E /* Products */ = {
			isa = PBXGroup;
			children = (
				48E170087E89AA19C6F16032 /* Chess3D.app */,
			);
			name = Products;
			sourceTree = "<group>";
		};
		7AD7512143469201E35B44E3 /* GameLogic */ = {
			isa = PBXGroup;
			children = (
				9AB48482A423D75BCEB2D22E /* ChessBoard.swift */,
				973C8FB14110E4862001E3BE /* GameManager.swift */,
			);
			path = GameLogic;
			sourceTree = "<group>";
		};
		FA458ADE6B441E603DAB19C2 /* Views */ = {
			isa = PBXGroup;
			children = (
				D181E03E96DEC83F8430042B /* ChessGameView.swift */,
				A317708298A2FF46FD453CF5 /* GameInfoView.swift */,
				3745819D1777EEF9255DCCE6 /* MainWindow.swift */,
			);
			path = Views;
			sourceTree = "<group>";
		};
/* End PBXGroup section */

/* Begin PBXNativeTarget section */
		8BFD86E6D3FF00B4F6ED0FF2 /* Chess3D */ = {
			isa = PBXNativeTarget;
			buildConfigurationList = 989EB57B094A3647FACEDC04 /* Build configuration list for PBXNativeTarget "Chess3D" */;
			buildPhases = (
				379986CA5A01E33025B7A415 /* Sources */,
				18AC1F6B01069BB3F688E8BE /* Resources */,
				A944E93E393FB072B84D053E /* Frameworks */,
			);
			buildRules = (
			);
			dependencies = (
			);
			name = Chess3D;
			packageProductDependencies = (
				ED84A2328502D3FC02B93388 /* SwiftChess */,
			);
			productName = Chess3D;
			productReference = 48E170087E89AA19C6F16032 /* Chess3D.app */;
			productType = "com.apple.product-type.application";
		};
/* End PBXNativeTarget section */

/* Begin PBXProject section */
		127CD7E2822FE098A45C2E1A /* Project object */ = {
			isa = PBXProject;
			attributes = {
				BuildIndependentTargetsInParallel = YES;
				LastUpgradeCheck = 1500;
				TargetAttributes = {
					8BFD86E6D3FF00B4F6ED0FF2 = {
						DevelopmentTeam = "";
						ProvisioningStyle = Manual;
					};
				};
			};
			buildConfigurationList = FDE49F0E2F8F6AE5D46F1C95 /* Build configuration list for PBXProject "Chess3D" */;
			compatibilityVersion = "Xcode 14.0";
			developmentRegion = en;
			hasScannedForEncodings = 0;
			knownRegions = (
				Base,
				en,
			);
			mainGroup = 62E3E456BB543D8AA1DB2BCE;
			minimizedProjectReferenceProxies = 1;
			packageReferences = (
				34488A7354235A3F7DF2A199 /* XCRemoteSwiftPackageReference "SwiftChess" */,
			);
			preferredProjectObjectVersion = 77;
			projectDirPath = "";
			projectRoot = "";
			targets = (
				8BFD86E6D3FF00B4F6ED0FF2 /* Chess3D */,
			);
		};
/* End PBXProject section */

/* Begin PBXResourcesBuildPhase section */
		18AC1F6B01069BB3F688E8BE /* Resources */ = {
			isa = PBXResourcesBuildPhase;
			buildActionMask = 2147483647;
			files = (
				5AF5EAA2F36118B5546558D6 /* Assets.xcassets in Resources */,
			);
			runOnlyForDeploymentPostprocessing = 0;
		};
/* End PBXResourcesBuildPhase section */

/* Begin PBXSourcesBuildPhase section */
		379986CA5A01E33025B7A415 /* Sources */ = {
			isa = PBXSourcesBuildPhase;
			buildActionMask = 2147483647;
			files = (
				7DF186332D1E2D8851ECE478 /* AppDelegate.swift in Sources */,
				2263D5AD49F74D4D8434FBCC /* ChessBoard.swift in Sources */,
				055B4100F1064F14FBFD2F93 /* ChessGameView.swift in Sources */,
				550C35EC08471D0F8D1E0C96 /* GameInfoView.swift in Sources */,
				BEBEB417E7BD7D7D25F2B2B0 /* GameManager.swift in Sources */,
				5B51509274DACA86D45F10AC /* LanguageManager.swift in Sources */,
				337825A24E2BEA468E65283E /* MainWindow.swift in Sources */,
				B2F16C783117D118D7C412DA /* main.swift in Sources */,
			);
			runOnlyForDeploymentPostprocessing = 0;
		};
/* End PBXSourcesBuildPhase section */

/* Begin XCBuildConfiguration section */
		1313EE79BB634A972500769B /* Release */ = {
			isa = XCBuildConfiguration;
			buildSettings = {
				ALWAYS_SEARCH_USER_PATHS = NO;
				CLANG_ANALYZER_NONNULL = YES;
				CLANG_ANALYZER_NUMBER_OBJECT_CONVERSION = YES_AGGRESSIVE;
				CLANG_CXX_LANGUAGE_STANDARD = "gnu++14";
				CLANG_CXX_LIBRARY = "libc++";
				CLANG_ENABLE_MODULES = YES;
				CLANG_ENABLE_OBJC_ARC = YES;
				CLANG_ENABLE_OBJC_WEAK = YES;
				CLANG_WARN_BLOCK_CAPTURE_AUTORELEASING = YES;
				CLANG_WARN_BOOL_CONVERSION = YES;
				CLANG_WARN_COMMA = YES;
				CLANG_WARN_CONSTANT_CONVERSION = YES;
				CLANG_WARN_DEPRECATED_OBJC_IMPLEMENTATIONS = YES;
				CLANG_WARN_DIRECT_OBJC_ISA_USAGE = YES_ERROR;
				CLANG_WARN_DOCUMENTATION_COMMENTS = YES;
				CLANG_WARN_EMPTY_BODY = YES;
				CLANG_WARN_ENUM_CONVERSION = YES;
				CLANG_WARN_INFINITE_RECURSION = YES;
				CLANG_WARN_INT_CONVERSION = YES;
				CLANG_WARN_NON_LITERAL_NULL_CONVERSION = YES;
				CLANG_WARN_OBJC_IMPLICIT_RETAIN_SELF = YES;
				CLANG_WARN_OBJC_LITERAL_CONVERSION = YES;
				CLANG_WARN_OBJC_ROOT_CLASS = YES_ERROR;
				CLANG_WARN_QUOTED_INCLUDE_IN_FRAMEWORK_HEADER = YES;
				CLANG_WARN_RANGE_LOOP_ANALYSIS = YES;
				CLANG_WARN_STRICT_PROTOTYPES = YES;
				CLANG_WARN_SUSPICIOUS_MOVE = YES;
				CLANG_WARN_UNGUARDED_AVAILABILITY = YES_AGGRESSIVE;
				CLANG_WARN_UNREACHABLE_CODE = YES;
				CLANG_WARN__DUPLICATE_METHOD_MATCH = YES;
				COPY_PHASE_STRIP = NO;
				DEBUG_INFORMATION_FORMAT = "dwarf-with-dsym";
				ENABLE_NS_ASSERTIONS = NO;
				ENABLE_STRICT_OBJC_MSGSEND = YES;
				GCC_C_LANGUAGE_STANDARD = gnu11;
				GCC_NO_COMMON_BLOCKS = YES;
				GCC_WARN_64_TO_32_BIT_CONVERSION = YES;
				GCC_WARN_ABOUT_RETURN_TYPE = YES_ERROR;
				GCC_WARN_UNDECLARED_SELECTOR = YES;
				GCC_WARN_UNINITIALIZED_AUTOS = YES_AGGRESSIVE;
				GCC_WARN_UNUSED_FUNCTION = YES;
				GCC_WARN_UNUSED_VARIABLE = YES;
				MACOSX_DEPLOYMENT_TARGET = 12.0;
				MTL_ENABLE_DEBUG_INFO = NO;
				MTL_FAST_MATH = YES;
				PRODUCT_NAME = "$(TARGET_NAME)";
				SDKROOT = macosx;
				SWIFT_COMPILATION_MODE = wholemodule;
				SWIFT_OPTIMIZATION_LEVEL = "-O";
				SWIFT_VERSION = 5.0;
			};
			name = Release;
		};
		67D1EC291DDC5FA9EF82BFAD /* Debug */ = {
			isa = XCBuildConfiguration;
			buildSettings = {
				ASSETCATALOG_COMPILER_APPICON_NAME = AppIcon;
				CODE_SIGN_IDENTITY = "-";
				CODE_SIGN_STYLE = Manual;
				COMBINE_HIDPI_IMAGES = YES;
				DEVELOPMENT_TEAM = "";
				INFOPLIST_FILE = Chess3D/Info.plist;
				LD_RUNPATH_SEARCH_PATHS = (
					"$(inherited)",
					"@executable_path/../Frameworks",
				);
				MACOSX_DEPLOYMENT_TARGET = 12.0;
				PRODUCT_BUNDLE_IDENTIFIER = com.chess3d.app;
				PRODUCT_NAME = Chess3D;
				SDKROOT = macosx;
				SWIFT_VERSION = 5.9;
			};
			name = Debug;
		};
		7A137B53F7EF2155E24801F0 /* Release */ = {
			isa = XCBuildConfiguration;
			buildSettings = {
				ASSETCATALOG_COMPILER_APPICON_NAME = AppIcon;
				CODE_SIGN_IDENTITY = "-";
				CODE_SIGN_STYLE = Manual;
				COMBINE_HIDPI_IMAGES = YES;
				DEVELOPMENT_TEAM = "";
				INFOPLIST_FILE = Chess3D/Info.plist;
				LD_RUNPATH_SEARCH_PATHS = (
					"$(inherited)",
					"@executable_path/../Frameworks",
				);
				MACOSX_DEPLOYMENT_TARGET = 12.0;
				PRODUCT_BUNDLE_IDENTIFIER = com.chess3d.app;
				PRODUCT_NAME = Chess3D;
				SDKROOT = macosx;
				SWIFT_VERSION = 5.9;
			};
			name = Release;
		};
		AF757BA0652184E5BB3650E1 /* Debug */ = {
			isa = XCBuildConfiguration;
			buildSettings = {
				ALWAYS_SEARCH_USER_PATHS = NO;
				CLANG_ANALYZER_NONNULL = YES;
				CLANG_ANALYZER_NUMBER_OBJECT_CONVERSION = YES_AGGRESSIVE;
				CLANG_CXX_LANGUAGE_STANDARD = "gnu++14";
				CLANG_CXX_LIBRARY = "libc++";
				CLANG_ENABLE_MODULES = YES;
				CLANG_ENABLE_OBJC_ARC = YES;
				CLANG_ENABLE_OBJC_WEAK = YES;
				CLANG_WARN_BLOCK_CAPTURE_AUTORELEASING = YES;
				CLANG_WARN_BOOL_CONVERSION = YES;
				CLANG_WARN_COMMA = YES;
				CLANG_WARN_CONSTANT_CONVERSION = YES;
				CLANG_WARN_DEPRECATED_OBJC_IMPLEMENTATIONS = YES;
				CLANG_WARN_DIRECT_OBJC_ISA_USAGE = YES_ERROR;
				CLANG_WARN_DOCUMENTATION_COMMENTS = YES;
				CLANG_WARN_EMPTY_BODY = YES;
				CLANG_WARN_ENUM_CONVERSION = YES;
				CLANG_WARN_INFINITE_RECURSION = YES;
				CLANG_WARN_INT_CONVERSION = YES;
				CLANG_WARN_NON_LITERAL_NULL_CONVERSION = YES;
				CLANG_WARN_OBJC_IMPLICIT_RETAIN_SELF = YES;
				CLANG_WARN_OBJC_LITERAL_CONVERSION = YES;
				CLANG_WARN_OBJC_ROOT_CLASS = YES_ERROR;
				CLANG_WARN_QUOTED_INCLUDE_IN_FRAMEWORK_HEADER = YES;
				CLANG_WARN_RANGE_LOOP_ANALYSIS = YES;
				CLANG_WARN_STRICT_PROTOTYPES = YES;
				CLANG_WARN_SUSPICIOUS_MOVE = YES;
				CLANG_WARN_UNGUARDED_AVAILABILITY = YES_AGGRESSIVE;
				CLANG_WARN_UNREACHABLE_CODE = YES;
				CLANG_WARN__DUPLICATE_METHOD_MATCH = YES;
				COPY_PHASE_STRIP = NO;
				DEBUG_INFORMATION_FORMAT = dwarf;
				ENABLE_STRICT_OBJC_MSGSEND = YES;
				ENABLE_TESTABILITY = YES;
				GCC_C_LANGUAGE_STANDARD = gnu11;
				GCC_DYNAMIC_NO_PIC = NO;
				GCC_NO_COMMON_BLOCKS = YES;
				GCC_OPTIMIZATION_LEVEL = 0;
				GCC_PREPROCESSOR_DEFINITIONS = (
					"$(inherited)",
					"DEBUG=1",
				);
				GCC_WARN_64_TO_32_BIT_CONVERSION = YES;
				GCC_WARN_ABOUT_RETURN_TYPE = YES_ERROR;
				GCC_WARN_UNDECLARED_SELECTOR = YES;
				GCC_WARN_UNINITIALIZED_AUTOS = YES_AGGRESSIVE;
				GCC_WARN_UNUSED_FUNCTION = YES;
				GCC_WARN_UNUSED_VARIABLE = YES;
				MACOSX_DEPLOYMENT_TARGET = 12.0;
				MTL_ENABLE_DEBUG_INFO = INCLUDE_SOURCE;
				MTL_FAST_MATH = YES;
				ONLY_ACTIVE_ARCH = YES;
				PRODUCT_NAME = "$(TARGET_NAME)";
				SDKROOT = macosx;
				SWIFT_ACTIVE_COMPILATION_CONDITIONS = DEBUG;
				SWIFT_OPTIMIZATION_LEVEL = "-Onone";
				SWIFT_VERSION = 5.0;
			};
			name = Debug;
		};
/* End XCBuildConfiguration section */

/* Begin XCConfigurationList section */
		989EB57B094A3647FACEDC04 /* Build configuration list for PBXNativeTarget "Chess3D" */ = {
			isa = XCConfigurationList;
			buildConfigurations = (
				67D1EC291DDC5FA9EF82BFAD /* Debug */,
				7A137B53F7EF2155E24801F0 /* Release */,
			);
			defaultConfigurationIsVisible = 0;
			defaultConfigurationName = Debug;
		};
		FDE49F0E2F8F6AE5D46F1C95 /* Build configuration list for PBXProject "Chess3D" */ = {
			isa = XCConfigurationList;
			buildConfigurations = (
				AF757BA0652184E5BB3650E1 /* Debug */,
				1313EE79BB634A972500769B /* Release */,
			);
			defaultConfigurationIsVisible = 0;
			defaultConfigurationName = Debug;
		};
/* End XCConfigurationList section */

/* Begin XCRemoteSwiftPackageReference section */
		34488A7354235A3F7DF2A199 /* XCRemoteSwiftPackageReference "SwiftChess" */ = {
			isa = XCRemoteSwiftPackageReference;
			repositoryURL = "https://github.com/SteveBarnegren/SwiftChess";
			requirement = {
				kind = upToNextMajorVersion;
				minimumVersion = 1.0.0;
			};
		};
/* End XCRemoteSwiftPackageReference section */

/* Begin XCSwiftPackageProductDependency section */
		ED84A2328502D3FC02B93388 /* SwiftChess */ = {
			isa = XCSwiftPackageProductDependency;
			package = 34488A7354235A3F7DF2A199 /* XCRemoteSwiftPackageReference "SwiftChess" */;
			productName = SwiftChess;
		};
/* End XCSwiftPackageProductDependency section */
	};
	rootObject = 127CD7E2822FE098A45C2E1A /* Project object */;
}
